
Microsoft Visual Studio Solution File, Format Version 12.00
# Visual Studio Version 17
VisualStudioVersion = 17.6.33815.320
MinimumVisualStudioVersion = 10.0.40219.1
Project("{9A19103F-16F7-4668-BE54-9A1E7A4F7556}") = "FiberFresh.MVC", "FiberFresh.MVC.csproj", "{A31DEA12-A208-497B-8025-DB2879A835F2}"
EndProject
Project("{FAE04EC0-301F-11D3-BF4B-00C04F79EFBC}") = "FiberFresh.Domain", "..\FiberFresh.Domain\FiberFresh.Domain.csproj", "{466EBAD1-7578-4796-8E07-54881341DB4E}"
EndProject
Project("{FAE04EC0-301F-11D3-BF4B-00C04F79EFBC}") = "FiberFresh.Infrastructure", "..\FiberFresh.Infrastructure\FiberFresh.Infrastructure.csproj", "{F83945CA-7C17-4D5B-80EC-58318E5E2845}"
EndProject
Project("{FAE04EC0-301F-11D3-BF4B-00C04F79EFBC}") = "FiberFresh.Application", "..\FiberFresh.Application\FiberFresh.Application.csproj", "{5C10539E-8B62-4FCF-9477-86A3BD796537}"
EndProject
Global
	GlobalSection(SolutionConfigurationPlatforms) = preSolution
		Debug|Any CPU = Debug|Any CPU
		Release|Any CPU = Release|Any CPU
	EndGlobalSection
	GlobalSection(ProjectConfigurationPlatforms) = postSolution
		{A31DEA12-A208-497B-8025-DB2879A835F2}.Debug|Any CPU.ActiveCfg = Debug|Any CPU
		{A31DEA12-A208-497B-8025-DB2879A835F2}.Debug|Any CPU.Build.0 = Debug|Any CPU
		{A31DEA12-A208-497B-8025-DB2879A835F2}.Release|Any CPU.ActiveCfg = Release|Any CPU
		{A31DEA12-A208-497B-8025-DB2879A835F2}.Release|Any CPU.Build.0 = Release|Any CPU
		{466EBAD1-7578-4796-8E07-54881341DB4E}.Debug|Any CPU.ActiveCfg = Debug|Any CPU
		{466EBAD1-7578-4796-8E07-54881341DB4E}.Debug|Any CPU.Build.0 = Debug|Any CPU
		{466EBAD1-7578-4796-8E07-54881341DB4E}.Release|Any CPU.ActiveCfg = Release|Any CPU
		{466EBAD1-7578-4796-8E07-54881341DB4E}.Release|Any CPU.Build.0 = Release|Any CPU
		{F83945CA-7C17-4D5B-80EC-58318E5E2845}.Debug|Any CPU.ActiveCfg = Debug|Any CPU
		{F83945CA-7C17-4D5B-80EC-58318E5E2845}.Debug|Any CPU.Build.0 = Debug|Any CPU
		{F83945CA-7C17-4D5B-80EC-58318E5E2845}.Release|Any CPU.ActiveCfg = Release|Any CPU
		{F83945CA-7C17-4D5B-80EC-58318E5E2845}.Release|Any CPU.Build.0 = Release|Any CPU
		{5C10539E-8B62-4FCF-9477-86A3BD796537}.Debug|Any CPU.ActiveCfg = Debug|Any CPU
		{5C10539E-8B62-4FCF-9477-86A3BD796537}.Debug|Any CPU.Build.0 = Debug|Any CPU
		{5C10539E-8B62-4FCF-9477-86A3BD796537}.Release|Any CPU.ActiveCfg = Release|Any CPU
		{5C10539E-8B62-4FCF-9477-86A3BD796537}.Release|Any CPU.Build.0 = Release|Any CPU
	EndGlobalSection
	GlobalSection(SolutionProperties) = preSolution
		HideSolutionNode = FALSE
	EndGlobalSection
	GlobalSection(ExtensibilityGlobals) = postSolution
		SolutionGuid = {4284A9D0-5FB6-4753-8C4F-D6CDD9A47A7B}
	EndGlobalSection
EndGlobal
