
Microsoft Visual Studio Solution File, Format Version 12.00
# Visual Studio Version 17
VisualStudioVersion = 17.4.33403.182
MinimumVisualStudioVersion = 10.0.40219.1
Project("{FAE04EC0-301F-11D3-BF4B-00C04F79EFBC}") = "CamelKebabCase", "CamelKebabCase\CamelKebabCase.csproj", "{0726A4A2-E2AE-4E99-B549-6E9B6AEE4764}"
EndProject
Global
	GlobalSection(SolutionConfigurationPlatforms) = preSolution
		Debug|Any CPU = Debug|Any CPU
		Release|Any CPU = Release|Any CPU
	EndGlobalSection
	GlobalSection(ProjectConfigurationPlatforms) = postSolution
		{0726A4A2-E2AE-4E99-B549-6E9B6AEE4764}.Debug|Any CPU.ActiveCfg = Debug|Any CPU
		{0726A4A2-E2AE-4E99-B549-6E9B6AEE4764}.Debug|Any CPU.Build.0 = Debug|Any CPU
		{0726A4A2-E2AE-4E99-B549-6E9B6AEE4764}.Release|Any CPU.ActiveCfg = Release|Any CPU
		{0726A4A2-E2AE-4E99-B549-6E9B6AEE4764}.Release|Any CPU.Build.0 = Release|Any CPU
	EndGlobalSection
	GlobalSection(SolutionProperties) = preSolution
		HideSolutionNode = FALSE
	EndGlobalSection
	GlobalSection(ExtensibilityGlobals) = postSolution
		SolutionGuid = {E27A5FB6-B47F-4BB1-A275-55B8E63DB9F9}
	EndGlobalSection
EndGlobal
