
Microsoft Visual Studio Solution File, Format Version 12.00
# Visual Studio Version 17
VisualStudioVersion = 17.4.33403.182
MinimumVisualStudioVersion = 10.0.40219.1
Project("{FAE04EC0-301F-11D3-BF4B-00C04F79EFBC}") = "ContactsWebAPI", "ContactsWebAPI\ContactsWebAPI.csproj", "{029B0AD3-A767-4077-BA51-0A3E9659D302}"
EndProject
Project("{FAE04EC0-301F-11D3-BF4B-00C04F79EFBC}") = "ContactsWebApp", "ContactsWebApp\ContactsWebApp.csproj", "{6272E194-E893-4029-A5DE-DE46FB6D2C3F}"
EndProject
Global
	GlobalSection(SolutionConfigurationPlatforms) = preSolution
		Debug|Any CPU = Debug|Any CPU
		Release|Any CPU = Release|Any CPU
	EndGlobalSection
	GlobalSection(ProjectConfigurationPlatforms) = postSolution
		{029B0AD3-A767-4077-BA51-0A3E9659D302}.Debug|Any CPU.ActiveCfg = Debug|Any CPU
		{029B0AD3-A767-4077-BA51-0A3E9659D302}.Debug|Any CPU.Build.0 = Debug|Any CPU
		{029B0AD3-A767-4077-BA51-0A3E9659D302}.Release|Any CPU.ActiveCfg = Release|Any CPU
		{029B0AD3-A767-4077-BA51-0A3E9659D302}.Release|Any CPU.Build.0 = Release|Any CPU
		{6272E194-E893-4029-A5DE-DE46FB6D2C3F}.Debug|Any CPU.ActiveCfg = Debug|Any CPU
		{6272E194-E893-4029-A5DE-DE46FB6D2C3F}.Debug|Any CPU.Build.0 = Debug|Any CPU
		{6272E194-E893-4029-A5DE-DE46FB6D2C3F}.Release|Any CPU.ActiveCfg = Release|Any CPU
		{6272E194-E893-4029-A5DE-DE46FB6D2C3F}.Release|Any CPU.Build.0 = Release|Any CPU
	EndGlobalSection
	GlobalSection(SolutionProperties) = preSolution
		HideSolutionNode = FALSE
	EndGlobalSection
	GlobalSection(ExtensibilityGlobals) = postSolution
		SolutionGuid = {4FC4D26C-0203-473E-835B-A5DF4B084C15}
	EndGlobalSection
EndGlobal
